// !$*UTF8*$!
{
	archiveVersion = 1;
	classes = {
	};
	objectVersion = 55;
	objects = {

/* Begin PBXBuildFile section */
		7AFC6B452847E2D400FEEBC4 /* Sample_ProjectApp.swift in Sources */ = {isa = PBXBuildFile; fileRef = 7AFC6B442847E2D400FEEBC4 /* Sample_ProjectApp.swift */; };
		7AFC6B472847E2D400FEEBC4 /* ContentView.swift in Sources */ = {isa = PBXBuildFile; fileRef = 7AFC6B462847E2D400FEEBC4 /* ContentView.swift */; };
		7AFC6B492847E2D700FEEBC4 /* Assets.xcassets in Resources */ = {isa = PBXBuildFile; fileRef = 7AFC6B482847E2D700FEEBC4 /* Assets.xcassets */; };
		7AFC6B4C2847E2D700FEEBC4 /* Preview Assets.xcassets in Resources */ = {isa = PBXBuildFile; fileRef = 7AFC6B4B2847E2D700FEEBC4 /* Preview Assets.xcassets */; };
		7AFC6B562847E2D700FEEBC4 /* Sample_ProjectTests.swift in Sources */ = {isa = PBXBuildFile; fileRef = 7AFC6B552847E2D700FEEBC4 /* Sample_ProjectTests.swift */; };
		7AFC6B602847E2D700FEEBC4 /* Sample_ProjectUITests.swift in Sources */ = {isa = PBXBuildFile; fileRef = 7AFC6B5F2847E2D700FEEBC4 /* Sample_ProjectUITests.swift */; };
		7AFC6B622847E2D700FEEBC4 /* Sample_ProjectUITestsLaunchTests.swift in Sources */ = {isa = PBXBuildFile; fileRef = 7AFC6B612847E2D700FEEBC4 /* Sample_ProjectUITestsLaunchTests.swift */; };
		7AFC6B6F2847E30400FEEBC4 /* .github in Resources */ = {isa = PBXBuildFile; fileRef = 7AFC6B6E2847E30400FEEBC4 /* .github */; };
		7AFC6B712847E30F00FEEBC4 /* ButtonUITestsCS3260.swift in Sources */ = {isa = PBXBuildFile; fileRef = 7AFC6B702847E30F00FEEBC4 /* ButtonUITestsCS3260.swift */; };
/* End PBXBuildFile section */

/* Begin PBXContainerItemProxy section */
		7AFC6B522847E2D700FEEBC4 /* PBXContainerItemProxy */ = {
			isa = PBXContainerItemProxy;
			containerPortal = 7AFC6B392847E2D400FEEBC4 /* Project object */;
			proxyType = 1;
			remoteGlobalIDString = 7AFC6B402847E2D400FEEBC4;
			remoteInfo = "Sample Project";
		};
		7AFC6B5C2847E2D700FEEBC4 /* PBXContainerItemProxy */ = {
			isa = PBXContainerItemProxy;
			containerPortal = 7AFC6B392847E2D400FEEBC4 /* Project object */;
			proxyType = 1;
			remoteGlobalIDString = 7AFC6B402847E2D400FEEBC4;
			remoteInfo = "Sample Project";
		};
/* End PBXContainerItemProxy section */

/* Begin PBXFileReference section */
		7AFC6B412847E2D400FEEBC4 /* Sample Project.app */ = {isa = PBXFileReference; explicitFileType = wrapper.application; includeInIndex = 0; path = "Sample Project.app"; sourceTree = BUILT_PRODUCTS_DIR; };
		7AFC6B442847E2D400FEEBC4 /* Sample_ProjectApp.swift */ = {isa = PBXFileReference; lastKnownFileType = sourcecode.swift; path = Sample_ProjectApp.swift; sourceTree = "<group>"; };
		7AFC6B462847E2D400FEEBC4 /* ContentView.swift */ = {isa = PBXFileReference; lastKnownFileType = sourcecode.swift; path = ContentView.swift; sourceTree = "<group>"; };
		7AFC6B482847E2D700FEEBC4 /* Assets.xcassets */ = {isa = PBXFileReference; lastKnownFileType = folder.assetcatalog; path = Assets.xcassets; sourceTree = "<group>"; };
		7AFC6B4B2847E2D700FEEBC4 /* Preview Assets.xcassets */ = {isa = PBXFileReference; lastKnownFileType = folder.assetcatalog; path = "Preview Assets.xcassets"; sourceTree = "<group>"; };
		7AFC6B512847E2D700FEEBC4 /* Sample ProjectTests.xctest */ = {isa = PBXFileReference; explicitFileType = wrapper.cfbundle; includeInIndex = 0; path = "Sample ProjectTests.xctest"; sourceTree = BUILT_PRODUCTS_DIR; };
		7AFC6B552847E2D700FEEBC4 /* Sample_ProjectTests.swift */ = {isa = PBXFileReference; lastKnownFileType = sourcecode.swift; path = Sample_ProjectTests.swift; sourceTree = "<group>"; };
		7AFC6B5B2847E2D700FEEBC4 /* Sample ProjectUITests.xctest */ = {isa = PBXFileReference; explicitFileType = wrapper.cfbundle; includeInIndex = 0; path = "Sample ProjectUITests.xctest"; sourceTree = BUILT_PRODUCTS_DIR; };
		7AFC6B5F2847E2D700FEEBC4 /* Sample_ProjectUITests.swift */ = {isa = PBXFileReference; lastKnownFileType = sourcecode.swift; path = Sample_ProjectUITests.swift; sourceTree = "<group>"; };
		7AFC6B612847E2D700FEEBC4 /* Sample_ProjectUITestsLaunchTests.swift */ = {isa = PBXFileReference; lastKnownFileType = sourcecode.swift; path = Sample_ProjectUITestsLaunchTests.swift; sourceTree = "<group>"; };
		7AFC6B6E2847E30400FEEBC4 /* .github */ = {isa = PBXFileReference; lastKnownFileType = folder; path = .github; sourceTree = "<group>"; };
		7AFC6B702847E30F00FEEBC4 /* ButtonUITestsCS3260.swift */ = {isa = PBXFileReference; fileEncoding = 4; lastKnownFileType = sourcecode.swift; path = ButtonUITestsCS3260.swift; sourceTree = "<group>"; };
/* End PBXFileReference section */

/* Begin PBXFrameworksBuildPhase section */
		7AFC6B3E2847E2D400FEEBC4 /* Frameworks */ = {
			isa = PBXFrameworksBuildPhase;
			buildActionMask = 2147483647;
			files = (
			);
			runOnlyForDeploymentPostprocessing = 0;
		};
		7AFC6B4E2847E2D700FEEBC4 /* Frameworks */ = {
			isa = PBXFrameworksBuildPhase;
			buildActionMask = 2147483647;
			files = (
			);
			runOnlyForDeploymentPostprocessing = 0;
		};
		7AFC6B582847E2D700FEEBC4 /* Frameworks */ = {
			isa = PBXFrameworksBuildPhase;
			buildActionMask = 2147483647;
			files = (
			);
			runOnlyForDeploymentPostprocessing = 0;
		};
/* End PBXFrameworksBuildPhase section */

/* Begin PBXGroup section */
		7AFC6B382847E2D400FEEBC4 = {
			isa = PBXGroup;
			children = (
				7AFC6B6E2847E30400FEEBC4 /* .github */,
				7AFC6B432847E2D400FEEBC4 /* Sample Project */,
				7AFC6B542847E2D700FEEBC4 /* Sample ProjectTests */,
				7AFC6B5E2847E2D700FEEBC4 /* Sample ProjectUITests */,
				7AFC6B422847E2D400FEEBC4 /* Products */,
			);
			sourceTree = "<group>";
		};
		7AFC6B422847E2D400FEEBC4 /* Products */ = {
			isa = PBXGroup;
			children = (
				7AFC6B412847E2D400FEEBC4 /* Sample Project.app */,
				7AFC6B512847E2D700FEEBC4 /* Sample ProjectTests.xctest */,
				7AFC6B5B2847E2D700FEEBC4 /* Sample ProjectUITests.xctest */,
			);
			name = Products;
			sourceTree = "<group>";
		};
		7AFC6B432847E2D400FEEBC4 /* Sample Project */ = {
			isa = PBXGroup;
			children = (
				7AFC6B442847E2D400FEEBC4 /* Sample_ProjectApp.swift */,
				7AFC6B462847E2D400FEEBC4 /* ContentView.swift */,
				7AFC6B482847E2D700FEEBC4 /* Assets.xcassets */,
				7AFC6B4A2847E2D700FEEBC4 /* Preview Content */,
			);
			path = "Sample Project";
			sourceTree = "<group>";
		};
		7AFC6B4A2847E2D700FEEBC4 /* Preview Content */ = {
			isa = PBXGroup;
			children = (
				7AFC6B4B2847E2D700FEEBC4 /* Preview Assets.xcassets */,
			);
			path = "Preview Content";
			sourceTree = "<group>";
		};
		7AFC6B542847E2D700FEEBC4 /* Sample ProjectTests */ = {
			isa = PBXGroup;
			children = (
				7AFC6B552847E2D700FEEBC4 /* Sample_ProjectTests.swift */,
			);
			path = "Sample ProjectTests";
			sourceTree = "<group>";
		};
		7AFC6B5E2847E2D700FEEBC4 /* Sample ProjectUITests */ = {
			isa = PBXGroup;
			children = (
				7AFC6B5F2847E2D700FEEBC4 /* Sample_ProjectUITests.swift */,
				7AFC6B612847E2D700FEEBC4 /* Sample_ProjectUITestsLaunchTests.swift */,
				7AFC6B702847E30F00FEEBC4 /* ButtonUITestsCS3260.swift */,
			);
			path = "Sample ProjectUITests";
			sourceTree = "<group>";
		};
/* End PBXGroup section */

/* Begin PBXNativeTarget section */
		7AFC6B402847E2D400FEEBC4 /* Sample Project */ = {
			isa = PBXNativeTarget;
			buildConfigurationList = 7AFC6B652847E2D700FEEBC4 /* Build configuration list for PBXNativeTarget "Sample Project" */;
			buildPhases = (
				7AFC6B3D2847E2D400FEEBC4 /* Sources */,
				7AFC6B3E2847E2D400FEEBC4 /* Frameworks */,
				7AFC6B3F2847E2D400FEEBC4 /* Resources */,
			);
			buildRules = (
			);
			dependencies = (
			);
			name = "Sample Project";
			productName = "Sample Project";
			productReference = 7AFC6B412847E2D400FEEBC4 /* Sample Project.app */;
			productType = "com.apple.product-type.application";
		};
		7AFC6B502847E2D700FEEBC4 /* Sample ProjectTests */ = {
			isa = PBXNativeTarget;
			buildConfigurationList = 7AFC6B682847E2D700FEEBC4 /* Build configuration list for PBXNativeTarget "Sample ProjectTests" */;
			buildPhases = (
				7AFC6B4D2847E2D700FEEBC4 /* Sources */,
				7AFC6B4E2847E2D700FEEBC4 /* Frameworks */,
				7AFC6B4F2847E2D700FEEBC4 /* Resources */,
			);
			buildRules = (
			);
			dependencies = (
				7AFC6B532847E2D700FEEBC4 /* PBXTargetDependency */,
			);
			name = "Sample ProjectTests";
			productName = "Sample ProjectTests";
			productReference = 7AFC6B512847E2D700FEEBC4 /* Sample ProjectTests.xctest */;
			productType = "com.apple.product-type.bundle.unit-test";
		};
		7AFC6B5A2847E2D700FEEBC4 /* Sample ProjectUITests */ = {
			isa = PBXNativeTarget;
			buildConfigurationList = 7AFC6B6B2847E2D700FEEBC4 /* Build configuration list for PBXNativeTarget "Sample ProjectUITests" */;
			buildPhases = (
				7AFC6B572847E2D700FEEBC4 /* Sources */,
				7AFC6B582847E2D700FEEBC4 /* Frameworks */,
				7AFC6B592847E2D700FEEBC4 /* Resources */,
			);
			buildRules = (
			);
			dependencies = (
				7AFC6B5D2847E2D700FEEBC4 /* PBXTargetDependency */,
			);
			name = "Sample ProjectUITests";
			productName = "Sample ProjectUITests";
			productReference = 7AFC6B5B2847E2D700FEEBC4 /* Sample ProjectUITests.xctest */;
			productType = "com.apple.product-type.bundle.ui-testing";
		};
/* End PBXNativeTarget section */

/* Begin PBXProject section */
		7AFC6B392847E2D400FEEBC4 /* Project object */ = {
			isa = PBXProject;
			attributes = {
				BuildIndependentTargetsInParallel = 1;
				LastSwiftUpdateCheck = 1340;
				LastUpgradeCheck = 1340;
				TargetAttributes = {
					7AFC6B402847E2D400FEEBC4 = {
						CreatedOnToolsVersion = 13.4;
					};
					7AFC6B502847E2D700FEEBC4 = {
						CreatedOnToolsVersion = 13.4;
						TestTargetID = 7AFC6B402847E2D400FEEBC4;
					};
					7AFC6B5A2847E2D700FEEBC4 = {
						CreatedOnToolsVersion = 13.4;
						TestTargetID = 7AFC6B402847E2D400FEEBC4;
					};
				};
			};
			buildConfigurationList = 7AFC6B3C2847E2D400FEEBC4 /* Build configuration list for PBXProject "Sample Project" */;
			compatibilityVersion = "Xcode 13.0";
			developmentRegion = en;
			hasScannedForEncodings = 0;
			knownRegions = (
				en,
				Base,
			);
			mainGroup = 7AFC6B382847E2D400FEEBC4;
			productRefGroup = 7AFC6B422847E2D400FEEBC4 /* Products */;
			projectDirPath = "";
			projectRoot = "";
			targets = (
				7AFC6B402847E2D400FEEBC4 /* Sample Project */,
				7AFC6B502847E2D700FEEBC4 /* Sample ProjectTests */,
				7AFC6B5A2847E2D700FEEBC4 /* Sample ProjectUITests */,
			);
		};
/* End PBXProject section */

/* Begin PBXResourcesBuildPhase section */
		7AFC6B3F2847E2D400FEEBC4 /* Resources */ = {
			isa = PBXResourcesBuildPhase;
			buildActionMask = 2147483647;
			files = (
				7AFC6B6F2847E30400FEEBC4 /* .github in Resources */,
				7AFC6B4C2847E2D700FEEBC4 /* Preview Assets.xcassets in Resources */,
				7AFC6B492847E2D700FEEBC4 /* Assets.xcassets in Resources */,
			);
			runOnlyForDeploymentPostprocessing = 0;
		};
		7AFC6B4F2847E2D700FEEBC4 /* Resources */ = {
			isa = PBXResourcesBuildPhase;
			buildActionMask = 2147483647;
			files = (
			);
			runOnlyForDeploymentPostprocessing = 0;
		};
		7AFC6B592847E2D700FEEBC4 /* Resources */ = {
			isa = PBXResourcesBuildPhase;
			buildActionMask = 2147483647;
			files = (
			);
			runOnlyForDeploymentPostprocessing = 0;
		};
/* End PBXResourcesBuildPhase section */

/* Begin PBXSourcesBuildPhase section */
		7AFC6B3D2847E2D400FEEBC4 /* Sources */ = {
			isa = PBXSourcesBuildPhase;
			buildActionMask = 2147483647;
			files = (
				7AFC6B472847E2D400FEEBC4 /* ContentView.swift in Sources */,
				7AFC6B452847E2D400FEEBC4 /* Sample_ProjectApp.swift in Sources */,
			);
			runOnlyForDeploymentPostprocessing = 0;
		};
		7AFC6B4D2847E2D700FEEBC4 /* Sources */ = {
			isa = PBXSourcesBuildPhase;
			buildActionMask = 2147483647;
			files = (
				7AFC6B562847E2D700FEEBC4 /* Sample_ProjectTests.swift in Sources */,
			);
			runOnlyForDeploymentPostprocessing = 0;
		};
		7AFC6B572847E2D700FEEBC4 /* Sources */ = {
			isa = PBXSourcesBuildPhase;
			buildActionMask = 2147483647;
			files = (
				7AFC6B622847E2D700FEEBC4 /* Sample_ProjectUITestsLaunchTests.swift in Sources */,
				7AFC6B712847E30F00FEEBC4 /* ButtonUITestsCS3260.swift in Sources */,
				7AFC6B602847E2D700FEEBC4 /* Sample_ProjectUITests.swift in Sources */,
			);
			runOnlyForDeploymentPostprocessing = 0;
		};
/* End PBXSourcesBuildPhase section */

/* Begin PBXTargetDependency section */
		7AFC6B532847E2D700FEEBC4 /* PBXTargetDependency */ = {
			isa = PBXTargetDependency;
			target = 7AFC6B402847E2D400FEEBC4 /* Sample Project */;
			targetProxy = 7AFC6B522847E2D700FEEBC4 /* PBXContainerItemProxy */;
		};
		7AFC6B5D2847E2D700FEEBC4 /* PBXTargetDependency */ = {
			isa = PBXTargetDependency;
			target = 7AFC6B402847E2D400FEEBC4 /* Sample Project */;
			targetProxy = 7AFC6B5C2847E2D700FEEBC4 /* PBXContainerItemProxy */;
		};
/* End PBXTargetDependency section */

/* Begin XCBuildConfiguration section */
		7AFC6B632847E2D700FEEBC4 /* Debug */ = {
			isa = XCBuildConfiguration;
			buildSettings = {
				ALWAYS_SEARCH_USER_PATHS = NO;
				CLANG_ANALYZER_NONNULL = YES;
				CLANG_ANALYZER_NUMBER_OBJECT_CONVERSION = YES_AGGRESSIVE;
				CLANG_CXX_LANGUAGE_STANDARD = "gnu++17";
				CLANG_ENABLE_MODULES = YES;
				CLANG_ENABLE_OBJC_ARC = YES;
				CLANG_ENABLE_OBJC_WEAK = YES;
				CLANG_WARN_BLOCK_CAPTURE_AUTORELEASING = YES;
				CLANG_WARN_BOOL_CONVERSION = YES;
				CLANG_WARN_COMMA = YES;
				CLANG_WARN_CONSTANT_CONVERSION = YES;
				CLANG_WARN_DEPRECATED_OBJC_IMPLEMENTATIONS = YES;
				CLANG_WARN_DIRECT_OBJC_ISA_USAGE = YES_ERROR;
				CLANG_WARN_DOCUMENTATION_COMMENTS = YES;
				CLANG_WARN_EMPTY_BODY = YES;
				CLANG_WARN_ENUM_CONVERSION = YES;
				CLANG_WARN_INFINITE_RECURSION = YES;
				CLANG_WARN_INT_CONVERSION = YES;
				CLANG_WARN_NON_LITERAL_NULL_CONVERSION = YES;
				CLANG_WARN_OBJC_IMPLICIT_RETAIN_SELF = YES;
				CLANG_WARN_OBJC_LITERAL_CONVERSION = YES;
				CLANG_WARN_OBJC_ROOT_CLASS = YES_ERROR;
				CLANG_WARN_QUOTED_INCLUDE_IN_FRAMEWORK_HEADER = YES;
				CLANG_WARN_RANGE_LOOP_ANALYSIS = YES;
				CLANG_WARN_STRICT_PROTOTYPES = YES;
				CLANG_WARN_SUSPICIOUS_MOVE = YES;
				CLANG_WARN_UNGUARDED_AVAILABILITY = YES_AGGRESSIVE;
				CLANG_WARN_UNREACHABLE_CODE = YES;
				CLANG_WARN__DUPLICATE_METHOD_MATCH = YES;
				COPY_PHASE_STRIP = NO;
				DEBUG_INFORMATION_FORMAT = dwarf;
				ENABLE_STRICT_OBJC_MSGSEND = YES;
				ENABLE_TESTABILITY = YES;
				GCC_C_LANGUAGE_STANDARD = gnu11;
				GCC_DYNAMIC_NO_PIC = NO;
				GCC_NO_COMMON_BLOCKS = YES;
				GCC_OPTIMIZATION_LEVEL = 0;
				GCC_PREPROCESSOR_DEFINITIONS = (
					"DEBUG=1",
					"$(inherited)",
				);
				GCC_WARN_64_TO_32_BIT_CONVERSION = YES;
				GCC_WARN_ABOUT_RETURN_TYPE = YES_ERROR;
				GCC_WARN_UNDECLARED_SELECTOR = YES;
				GCC_WARN_UNINITIALIZED_AUTOS = YES_AGGRESSIVE;
				GCC_WARN_UNUSED_FUNCTION = YES;
				GCC_WARN_UNUSED_VARIABLE = YES;
				IPHONEOS_DEPLOYMENT_TARGET = 15.5;
				MTL_ENABLE_DEBUG_INFO = INCLUDE_SOURCE;
				MTL_FAST_MATH = YES;
				ONLY_ACTIVE_ARCH = YES;
				SDKROOT = iphoneos;
				SWIFT_ACTIVE_COMPILATION_CONDITIONS = DEBUG;
				SWIFT_OPTIMIZATION_LEVEL = "-Onone";
			};
			name = Debug;
		};
		7AFC6B642847E2D700FEEBC4 /* Release */ = {
			isa = XCBuildConfiguration;
			buildSettings = {
				ALWAYS_SEARCH_USER_PATHS = NO;
				CLANG_ANALYZER_NONNULL = YES;
				CLANG_ANALYZER_NUMBER_OBJECT_CONVERSION = YES_AGGRESSIVE;
				CLANG_CXX_LANGUAGE_STANDARD = "gnu++17";
				CLANG_ENABLE_MODULES = YES;
				CLANG_ENABLE_OBJC_ARC = YES;
				CLANG_ENABLE_OBJC_WEAK = YES;
				CLANG_WARN_BLOCK_CAPTURE_AUTORELEASING = YES;
				CLANG_WARN_BOOL_CONVERSION = YES;
				CLANG_WARN_COMMA = YES;
				CLANG_WARN_CONSTANT_CONVERSION = YES;
				CLANG_WARN_DEPRECATED_OBJC_IMPLEMENTATIONS = YES;
				CLANG_WARN_DIRECT_OBJC_ISA_USAGE = YES_ERROR;
				CLANG_WARN_DOCUMENTATION_COMMENTS = YES;
				CLANG_WARN_EMPTY_BODY = YES;
				CLANG_WARN_ENUM_CONVERSION = YES;
				CLANG_WARN_INFINITE_RECURSION = YES;
				CLANG_WARN_INT_CONVERSION = YES;
				CLANG_WARN_NON_LITERAL_NULL_CONVERSION = YES;
				CLANG_WARN_OBJC_IMPLICIT_RETAIN_SELF = YES;
				CLANG_WARN_OBJC_LITERAL_CONVERSION = YES;
				CLANG_WARN_OBJC_ROOT_CLASS = YES_ERROR;
				CLANG_WARN_QUOTED_INCLUDE_IN_FRAMEWORK_HEADER = YES;
				CLANG_WARN_RANGE_LOOP_ANALYSIS = YES;
				CLANG_WARN_STRICT_PROTOTYPES = YES;
				CLANG_WARN_SUSPICIOUS_MOVE = YES;
				CLANG_WARN_UNGUARDED_AVAILABILITY = YES_AGGRESSIVE;
				CLANG_WARN_UNREACHABLE_CODE = YES;
				CLANG_WARN__DUPLICATE_METHOD_MATCH = YES;
				COPY_PHASE_STRIP = NO;
				DEBUG_INFORMATION_FORMAT = "dwarf-with-dsym";
				ENABLE_NS_ASSERTIONS = NO;
				ENABLE_STRICT_OBJC_MSGSEND = YES;
				GCC_C_LANGUAGE_STANDARD = gnu11;
				GCC_NO_COMMON_BLOCKS = YES;
				GCC_WARN_64_TO_32_BIT_CONVERSION = YES;
				GCC_WARN_ABOUT_RETURN_TYPE = YES_ERROR;
				GCC_WARN_UNDECLARED_SELECTOR = YES;
				GCC_WARN_UNINITIALIZED_AUTOS = YES_AGGRESSIVE;
				GCC_WARN_UNUSED_FUNCTION = YES;
				GCC_WARN_UNUSED_VARIABLE = YES;
				IPHONEOS_DEPLOYMENT_TARGET = 15.5;
				MTL_ENABLE_DEBUG_INFO = NO;
				MTL_FAST_MATH = YES;
				SDKROOT = iphoneos;
				SWIFT_COMPILATION_MODE = wholemodule;
				SWIFT_OPTIMIZATION_LEVEL = "-O";
				VALIDATE_PRODUCT = YES;
			};
			name = Release;
		};
		7AFC6B662847E2D700FEEBC4 /* Debug */ = {
			isa = XCBuildConfiguration;
			buildSettings = {
				ASSETCATALOG_COMPILER_APPICON_NAME = AppIcon;
				ASSETCATALOG_COMPILER_GLOBAL_ACCENT_COLOR_NAME = AccentColor;
				CODE_SIGN_STYLE = Automatic;
				CURRENT_PROJECT_VERSION = 1;
				DEVELOPMENT_ASSET_PATHS = "\"Sample Project/Preview Content\"";
				DEVELOPMENT_TEAM = UURUBA7BVM;
				ENABLE_PREVIEWS = YES;
				GENERATE_INFOPLIST_FILE = YES;
				INFOPLIST_KEY_UIApplicationSceneManifest_Generation = YES;
				INFOPLIST_KEY_UIApplicationSupportsIndirectInputEvents = YES;
				INFOPLIST_KEY_UILaunchScreen_Generation = YES;
				INFOPLIST_KEY_UISupportedInterfaceOrientations_iPad = "UIInterfaceOrientationPortrait UIInterfaceOrientationPortraitUpsideDown UIInterfaceOrientationLandscapeLeft UIInterfaceOrientationLandscapeRight";
				INFOPLIST_KEY_UISupportedInterfaceOrientations_iPhone = "UIInterfaceOrientationPortrait UIInterfaceOrientationLandscapeLeft UIInterfaceOrientationLandscapeRight";
				LD_RUNPATH_SEARCH_PATHS = (
					"$(inherited)",
					"@executable_path/Frameworks",
				);
				MARKETING_VERSION = 1.0;
				PRODUCT_BUNDLE_IDENTIFIER = "com.cowancs3260.Sample-Project";
				PRODUCT_NAME = "$(TARGET_NAME)";
				SWIFT_EMIT_LOC_STRINGS = YES;
				SWIFT_VERSION = 5.0;
				TARGETED_DEVICE_FAMILY = "1,2";
			};
			name = Debug;
		};
		7AFC6B672847E2D700FEEBC4 /* Release */ = {
			isa = XCBuildConfiguration;
			buildSettings = {
				ASSETCATALOG_COMPILER_APPICON_NAME = AppIcon;
				ASSETCATALOG_COMPILER_GLOBAL_ACCENT_COLOR_NAME = AccentColor;
				CODE_SIGN_STYLE = Automatic;
				CURRENT_PROJECT_VERSION = 1;
				DEVELOPMENT_ASSET_PATHS = "\"Sample Project/Preview Content\"";
				DEVELOPMENT_TEAM = UURUBA7BVM;
				ENABLE_PREVIEWS = YES;
				GENERATE_INFOPLIST_FILE = YES;
				INFOPLIST_KEY_UIApplicationSceneManifest_Generation = YES;
				INFOPLIST_KEY_UIApplicationSupportsIndirectInputEvents = YES;
				INFOPLIST_KEY_UILaunchScreen_Generation = YES;
				INFOPLIST_KEY_UISupportedInterfaceOrientations_iPad = "UIInterfaceOrientationPortrait UIInterfaceOrientationPortraitUpsideDown UIInterfaceOrientationLandscapeLeft UIInterfaceOrientationLandscapeRight";
				INFOPLIST_KEY_UISupportedInterfaceOrientations_iPhone = "UIInterfaceOrientationPortrait UIInterfaceOrientationLandscapeLeft UIInterfaceOrientationLandscapeRight";
				LD_RUNPATH_SEARCH_PATHS = (
					"$(inherited)",
					"@executable_path/Frameworks",
				);
				MARKETING_VERSION = 1.0;
				PRODUCT_BUNDLE_IDENTIFIER = "com.cowancs3260.Sample-Project";
				PRODUCT_NAME = "$(TARGET_NAME)";
				SWIFT_EMIT_LOC_STRINGS = YES;
				SWIFT_VERSION = 5.0;
				TARGETED_DEVICE_FAMILY = "1,2";
			};
			name = Release;
		};
		7AFC6B692847E2D700FEEBC4 /* Debug */ = {
			isa = XCBuildConfiguration;
			buildSettings = {
				ALWAYS_EMBED_SWIFT_STANDARD_LIBRARIES = YES;
				BUNDLE_LOADER = "$(TEST_HOST)";
				CODE_SIGN_STYLE = Automatic;
				CURRENT_PROJECT_VERSION = 1;
				DEVELOPMENT_TEAM = UURUBA7BVM;
				GENERATE_INFOPLIST_FILE = YES;
				IPHONEOS_DEPLOYMENT_TARGET = 15.5;
				MARKETING_VERSION = 1.0;
				PRODUCT_BUNDLE_IDENTIFIER = "com.cowancs3260.Sample-ProjectTests";
				PRODUCT_NAME = "$(TARGET_NAME)";
				SWIFT_EMIT_LOC_STRINGS = NO;
				SWIFT_VERSION = 5.0;
				TARGETED_DEVICE_FAMILY = "1,2";
				TEST_HOST = "$(BUILT_PRODUCTS_DIR)/Sample Project.app/Sample Project";
			};
			name = Debug;
		};
		7AFC6B6A2847E2D700FEEBC4 /* Release */ = {
			isa = XCBuildConfiguration;
			buildSettings = {
				ALWAYS_EMBED_SWIFT_STANDARD_LIBRARIES = YES;
				BUNDLE_LOADER = "$(TEST_HOST)";
				CODE_SIGN_STYLE = Automatic;
				CURRENT_PROJECT_VERSION = 1;
				DEVELOPMENT_TEAM = UURUBA7BVM;
				GENERATE_INFOPLIST_FILE = YES;
				IPHONEOS_DEPLOYMENT_TARGET = 15.5;
				MARKETING_VERSION = 1.0;
				PRODUCT_BUNDLE_IDENTIFIER = "com.cowancs3260.Sample-ProjectTests";
				PRODUCT_NAME = "$(TARGET_NAME)";
				SWIFT_EMIT_LOC_STRINGS = NO;
				SWIFT_VERSION = 5.0;
				TARGETED_DEVICE_FAMILY = "1,2";
				TEST_HOST = "$(BUILT_PRODUCTS_DIR)/Sample Project.app/Sample Project";
			};
			name = Release;
		};
		7AFC6B6C2847E2D700FEEBC4 /* Debug */ = {
			isa = XCBuildConfiguration;
			buildSettings = {
				ALWAYS_EMBED_SWIFT_STANDARD_LIBRARIES = YES;
				CODE_SIGN_STYLE = Automatic;
				CURRENT_PROJECT_VERSION = 1;
				DEVELOPMENT_TEAM = UURUBA7BVM;
				GENERATE_INFOPLIST_FILE = YES;
				MARKETING_VERSION = 1.0;
				PRODUCT_BUNDLE_IDENTIFIER = "com.cowancs3260.Sample-ProjectUITests";
				PRODUCT_NAME = "$(TARGET_NAME)";
				SWIFT_EMIT_LOC_STRINGS = NO;
				SWIFT_VERSION = 5.0;
				TARGETED_DEVICE_FAMILY = "1,2";
				TEST_TARGET_NAME = "Sample Project";
			};
			name = Debug;
		};
		7AFC6B6D2847E2D700FEEBC4 /* Release */ = {
			isa = XCBuildConfiguration;
			buildSettings = {
				ALWAYS_EMBED_SWIFT_STANDARD_LIBRARIES = YES;
				CODE_SIGN_STYLE = Automatic;
				CURRENT_PROJECT_VERSION = 1;
				DEVELOPMENT_TEAM = UURUBA7BVM;
				GENERATE_INFOPLIST_FILE = YES;
				MARKETING_VERSION = 1.0;
				PRODUCT_BUNDLE_IDENTIFIER = "com.cowancs3260.Sample-ProjectUITests";
				PRODUCT_NAME = "$(TARGET_NAME)";
				SWIFT_EMIT_LOC_STRINGS = NO;
				SWIFT_VERSION = 5.0;
				TARGETED_DEVICE_FAMILY = "1,2";
				TEST_TARGET_NAME = "Sample Project";
			};
			name = Release;
		};
/* End XCBuildConfiguration section */

/* Begin XCConfigurationList section */
		7AFC6B3C2847E2D400FEEBC4 /* Build configuration list for PBXProject "Sample Project" */ = {
			isa = XCConfigurationList;
			buildConfigurations = (
				7AFC6B632847E2D700FEEBC4 /* Debug */,
				7AFC6B642847E2D700FEEBC4 /* Release */,
			);
			defaultConfigurationIsVisible = 0;
			defaultConfigurationName = Release;
		};
		7AFC6B652847E2D700FEEBC4 /* Build configuration list for PBXNativeTarget "Sample Project" */ = {
			isa = XCConfigurationList;
			buildConfigurations = (
				7AFC6B662847E2D700FEEBC4 /* Debug */,
				7AFC6B672847E2D700FEEBC4 /* Release */,
			);
			defaultConfigurationIsVisible = 0;
			defaultConfigurationName = Release;
		};
		7AFC6B682847E2D700FEEBC4 /* Build configuration list for PBXNativeTarget "Sample ProjectTests" */ = {
			isa = XCConfigurationList;
			buildConfigurations = (
				7AFC6B692847E2D700FEEBC4 /* Debug */,
				7AFC6B6A2847E2D700FEEBC4 /* Release */,
			);
			defaultConfigurationIsVisible = 0;
			defaultConfigurationName = Release;
		};
		7AFC6B6B2847E2D700FEEBC4 /* Build configuration list for PBXNativeTarget "Sample ProjectUITests" */ = {
			isa = XCConfigurationList;
			buildConfigurations = (
				7AFC6B6C2847E2D700FEEBC4 /* Debug */,
				7AFC6B6D2847E2D700FEEBC4 /* Release */,
			);
			defaultConfigurationIsVisible = 0;
			defaultConfigurationName = Release;
		};
/* End XCConfigurationList section */
	};
	rootObject = 7AFC6B392847E2D400FEEBC4 /* Project object */;
}
